
Microsoft Visual Studio Solution File, Format Version 12.00
# Visual Studio Version 17
VisualStudioVersion = 17.4.33103.184
MinimumVisualStudioVersion = 10.0.40219.1
Project("{FAE04EC0-301F-11D3-BF4B-00C04F79EFBC}") = "CorbadoWidgetBackend", "CorbadoWidgetBackend\CorbadoWidgetBackend.csproj", "{99F2F700-2666-410C-A3E8-E093F17B248E}"
EndProject
Global
	GlobalSection(SolutionConfigurationPlatforms) = preSolution
		Debug|Any CPU = Debug|Any CPU
		Release|Any CPU = Release|Any CPU
	EndGlobalSection
	GlobalSection(ProjectConfigurationPlatforms) = postSolution
		{99F2F700-2666-410C-A3E8-E093F17B248E}.Debug|Any CPU.ActiveCfg = Debug|Any CPU
		{99F2F700-2666-410C-A3E8-E093F17B248E}.Debug|Any CPU.Build.0 = Debug|Any CPU
		{99F2F700-2666-410C-A3E8-E093F17B248E}.Release|Any CPU.ActiveCfg = Release|Any CPU
		{99F2F700-2666-410C-A3E8-E093F17B248E}.Release|Any CPU.Build.0 = Release|Any CPU
	EndGlobalSection
	GlobalSection(SolutionProperties) = preSolution
		HideSolutionNode = FALSE
	EndGlobalSection
	GlobalSection(ExtensibilityGlobals) = postSolution
		SolutionGuid = {C15AE92E-0D78-4643-8F9C-033F6F52DBA0}
	EndGlobalSection
EndGlobal
